// !$*UTF8*$!
{
	archiveVersion = 1;
	classes = {
	};
	objectVersion = 46;
	objects = {

/* Begin PBXBuildFile section */
		6A02B86D1AEF0ACA00D92050 /* DCFConcurrency.cpp in Sources */ = {isa = PBXBuildFile; fileRef = 6A02B86B1AEF0ACA00D92050 /* DCFConcurrency.cpp */; };
		6A02B86E1AEF0ACA00D92050 /* DCFConcurrency.h in Headers */ = {isa = PBXBuildFile; fileRef = 6A02B86C1AEF0ACA00D92050 /* DCFConcurrency.h */; settings = {ATTRIBUTES = (Public, ); }; };
		6ABC86961AD81AF3001D81AB /* (null) in Headers */ = {isa = PBXBuildFile; };
		6ABC869A1AD81B9E001D81AB /* (null) in Headers */ = {isa = PBXBuildFile; };
		6ABC869E1AD81BC9001D81AB /* (null) in Headers */ = {isa = PBXBuildFile; };
		6ABC86A21AD81C7D001D81AB /* (null) in Headers */ = {isa = PBXBuildFile; };
		6ABC86A91AD81D33001D81AB /* (null) in Headers */ = {isa = PBXBuildFile; };
		6ABC86AD1AD81D4C001D81AB /* (null) in Headers */ = {isa = PBXBuildFile; };
		6ABC86B11AD81D97001D81AB /* (null) in Headers */ = {isa = PBXBuildFile; };
		6ABC86B51AD81DD5001D81AB /* (null) in Headers */ = {isa = PBXBuildFile; };
		7CD7DC261B2B34F90019313A /* DCFXML.h in Headers */ = {isa = PBXBuildFile; fileRef = 7CD7DC251B2B34F90019313A /* DCFXML.h */; settings = {ATTRIBUTES = (Public, ); }; };
		7CD7DC2A1B2B35600019313A /* DCFXMLDOM.h in Headers */ = {isa = PBXBuildFile; fileRef = 7CD7DC291B2B35600019313A /* DCFXMLDOM.h */; settings = {ATTRIBUTES = (Public, ); }; };
		7CD7DC2C1B2B35850019313A /* DCFXMLSAX.h in Headers */ = {isa = PBXBuildFile; fileRef = 7CD7DC2B1B2B35850019313A /* DCFXMLSAX.h */; settings = {ATTRIBUTES = (Public, ); }; };
		D40A09921B0B73CE003F947F /* DCFObjectTest.cpp in Sources */ = {isa = PBXBuildFile; fileRef = D40A09911B0B73CE003F947F /* DCFObjectTest.cpp */; };
		D44165441B2F390D0035B982 /* DCFXMLNode.cpp in Sources */ = {isa = PBXBuildFile; fileRef = D44165421B2F390D0035B982 /* DCFXMLNode.cpp */; };
		D44165451B2F390D0035B982 /* DCFXMLNode.h in Headers */ = {isa = PBXBuildFile; fileRef = D44165431B2F390D0035B982 /* DCFXMLNode.h */; };
		D45EFF501AE061F9007240DA /* DCFBase.h in Headers */ = {isa = PBXBuildFile; fileRef = D45EFF391AE061F9007240DA /* DCFBase.h */; settings = {ATTRIBUTES = (Public, ); }; };
		D45EFF511AE061F9007240DA /* DCFDefines.cpp in Sources */ = {isa = PBXBuildFile; fileRef = D45EFF3A1AE061F9007240DA /* DCFDefines.cpp */; };
		D45EFF521AE061F9007240DA /* DCFDefines.h in Headers */ = {isa = PBXBuildFile; fileRef = D45EFF3B1AE061F9007240DA /* DCFDefines.h */; settings = {ATTRIBUTES = (Public, ); }; };
		D45EFF531AE061F9007240DA /* DCFMacros.h in Headers */ = {isa = PBXBuildFile; fileRef = D45EFF3C1AE061F9007240DA /* DCFMacros.h */; settings = {ATTRIBUTES = (Public, ); }; };
		D45EFF541AE061F9007240DA /* DCFObject.cpp in Sources */ = {isa = PBXBuildFile; fileRef = D45EFF3D1AE061F9007240DA /* DCFObject.cpp */; };
		D45EFF551AE061F9007240DA /* DCFObject.h in Headers */ = {isa = PBXBuildFile; fileRef = D45EFF3E1AE061F9007240DA /* DCFObject.h */; settings = {ATTRIBUTES = (Public, ); }; };
		D45EFF571AE061F9007240DA /* DCFRTTI.cpp in Sources */ = {isa = PBXBuildFile; fileRef = D45EFF401AE061F9007240DA /* DCFRTTI.cpp */; };
		D45EFF581AE061F9007240DA /* DCFRTTI.h in Headers */ = {isa = PBXBuildFile; fileRef = D45EFF411AE061F9007240DA /* DCFRTTI.h */; settings = {ATTRIBUTES = (Public, ); }; };
		D45EFF591AE061F9007240DA /* DCFSingleton.h in Headers */ = {isa = PBXBuildFile; fileRef = D45EFF431AE061F9007240DA /* DCFSingleton.h */; settings = {ATTRIBUTES = (Public, ); }; };
		D45EFF5A1AE061F9007240DA /* DCFoundation.h in Headers */ = {isa = PBXBuildFile; fileRef = D45EFF441AE061F9007240DA /* DCFoundation.h */; settings = {ATTRIBUTES = (Public, ); }; };
		D45EFF5B1AE061F9007240DA /* DCFoundationPriv.h in Headers */ = {isa = PBXBuildFile; fileRef = D45EFF451AE061F9007240DA /* DCFoundationPriv.h */; settings = {ATTRIBUTES = (Private, ); }; };
		D45EFF601AE061F9007240DA /* DCFPlatform.cpp in Sources */ = {isa = PBXBuildFile; fileRef = D45EFF4B1AE061F9007240DA /* DCFPlatform.cpp */; };
		D45EFF611AE061F9007240DA /* DCFPlatform.h in Headers */ = {isa = PBXBuildFile; fileRef = D45EFF4C1AE061F9007240DA /* DCFPlatform.h */; settings = {ATTRIBUTES = (Public, ); }; };
		D45EFF621AE061F9007240DA /* DCFSystem.h in Headers */ = {isa = PBXBuildFile; fileRef = D45EFF4D1AE061F9007240DA /* DCFSystem.h */; settings = {ATTRIBUTES = (Public, ); }; };
		D46113261B1F4E270019775A /* DCFLockable.h in Headers */ = {isa = PBXBuildFile; fileRef = D46113251B1F4E270019775A /* DCFLockable.h */; settings = {ATTRIBUTES = (Public, ); }; };
		D46113281B1F53670019775A /* DCFLockableTest.cpp in Sources */ = {isa = PBXBuildFile; fileRef = D46113271B1F53670019775A /* DCFLockableTest.cpp */; };
		D4617F0E1AE06C56009B092C /* libc++.dylib in Frameworks */ = {isa = PBXBuildFile; fileRef = D4617F0D1AE06C56009B092C /* libc++.dylib */; };
		D474FCC81B20AD5900AC27AC /* DCFUtilityTest.cpp in Sources */ = {isa = PBXBuildFile; fileRef = D474FCC71B20AD5900AC27AC /* DCFUtilityTest.cpp */; };
		D48014AF1B39ACD80009E28F /* DCFStringEncodings.h in Headers */ = {isa = PBXBuildFile; fileRef = D48014AE1B39ACD80009E28F /* DCFStringEncodings.h */; };
		D4806AEE1B16498500F3609C /* DCFXMLRepresentation.h in Headers */ = {isa = PBXBuildFile; fileRef = D4806AED1B16498500F3609C /* DCFXMLRepresentation.h */; };
		D4939F331B331CCA005553BF /* DCFSymbol.cpp in Sources */ = {isa = PBXBuildFile; fileRef = D4939F311B331CCA005553BF /* DCFSymbol.cpp */; };
		D4939F341B331CCA005553BF /* DCFSymbol.h in Headers */ = {isa = PBXBuildFile; fileRef = D4939F321B331CCA005553BF /* DCFSymbol.h */; };
		D4939F361B3331C4005553BF /* DCFPlatformTest.cpp in Sources */ = {isa = PBXBuildFile; fileRef = D4939F351B3331C4005553BF /* DCFPlatformTest.cpp */; };
		D4A31E991B305C8B00F5D458 /* DCFString.cpp in Sources */ = {isa = PBXBuildFile; fileRef = D4A31E971B305C8B00F5D458 /* DCFString.cpp */; };
		D4A31E9A1B305C8B00F5D458 /* DCFString.h in Headers */ = {isa = PBXBuildFile; fileRef = D4A31E981B305C8B00F5D458 /* DCFString.h */; settings = {ATTRIBUTES = (Public, ); }; };
		D4A31E9D1B30610000F5D458 /* DCFProcessInfo.cpp in Sources */ = {isa = PBXBuildFile; fileRef = D4A31E9B1B30610000F5D458 /* DCFProcessInfo.cpp */; };
		D4A31E9E1B30610000F5D458 /* DCFProcessInfo.h in Headers */ = {isa = PBXBuildFile; fileRef = D4A31E9C1B30610000F5D458 /* DCFProcessInfo.h */; settings = {ATTRIBUTES = (Public, ); }; };
		D4A31EA11B3074B800F5D458 /* DCFHashable.h in Headers */ = {isa = PBXBuildFile; fileRef = D4A31EA01B3074B800F5D458 /* DCFHashable.h */; settings = {ATTRIBUTES = (Public, ); }; };
		D4A31EA41B30755300F5D458 /* DCFMetaObject.cpp in Sources */ = {isa = PBXBuildFile; fileRef = D4A31EA21B30755300F5D458 /* DCFMetaObject.cpp */; };
		D4A31EA51B30755300F5D458 /* DCFMetaObject.h in Headers */ = {isa = PBXBuildFile; fileRef = D4A31EA31B30755300F5D458 /* DCFMetaObject.h */; settings = {ATTRIBUTES = (Public, ); }; };
		D4AFAF421B387E530084B13B /* DCFHost.cpp in Sources */ = {isa = PBXBuildFile; fileRef = D4AFAF401B387E530084B13B /* DCFHost.cpp */; };
		D4AFAF431B387E530084B13B /* DCFHost.h in Headers */ = {isa = PBXBuildFile; fileRef = D4AFAF411B387E530084B13B /* DCFHost.h */; settings = {ATTRIBUTES = (Public, ); }; };
		D4AFAF4F1B38856C0084B13B /* DCFDarwinPlatform.cpp in Sources */ = {isa = PBXBuildFile; fileRef = D4AFAF4D1B38856C0084B13B /* DCFDarwinPlatform.cpp */; };
		D4AFAF501B38856C0084B13B /* DCFDarwinPlatform.h in Headers */ = {isa = PBXBuildFile; fileRef = D4AFAF4E1B38856C0084B13B /* DCFDarwinPlatform.h */; settings = {ATTRIBUTES = (Public, ); }; };
		D4AFAF5C1B389B170084B13B /* CoreFoundation.framework in Frameworks */ = {isa = PBXBuildFile; fileRef = D4AFAF5B1B389B170084B13B /* CoreFoundation.framework */; settings = {ATTRIBUTES = (Weak, ); }; };
		D4D900C71AF947840082CC7A /* DCFUtility.cpp in Sources */ = {isa = PBXBuildFile; fileRef = D4D900C51AF947840082CC7A /* DCFUtility.cpp */; };
		D4D900C81AF947840082CC7A /* DCFUtility.h in Headers */ = {isa = PBXBuildFile; fileRef = D4D900C61AF947840082CC7A /* DCFUtility.h */; settings = {ATTRIBUTES = (Public, ); }; };
		D4FC9AAC1B0A494C00E6B56D /* libDCFoundation.dylib in Frameworks */ = {isa = PBXBuildFile; fileRef = D4C351891AC4A863003ECB09 /* libDCFoundation.dylib */; };
		D4FC9AB31B0A49D800E6B56D /* DCFGoogleTestAdaptor.mm in Sources */ = {isa = PBXBuildFile; fileRef = D4FC9AB21B0A49D800E6B56D /* DCFGoogleTestAdaptor.mm */; };
		D4FC9AB41B0A4A1600E6B56D /* gtest.framework in Frameworks */ = {isa = PBXBuildFile; fileRef = D42779941AEEBE6500B6680A /* gtest.framework */; };
		D4FF6DE51B2F16C100161909 /* DCFXMLAttributeList.h in Headers */ = {isa = PBXBuildFile; fileRef = D4FF6DE41B2F16C100161909 /* DCFXMLAttributeList.h */; settings = {ATTRIBUTES = (Public, ); }; };
		D4FF6DE71B2F16E900161909 /* DCFXMLBase.h in Headers */ = {isa = PBXBuildFile; fileRef = D4FF6DE61B2F16E900161909 /* DCFXMLBase.h */; settings = {ATTRIBUTES = (Public, ); }; };
		D4FF6DE91B2F19CE00161909 /* DCFXMLAttribute.h in Headers */ = {isa = PBXBuildFile; fileRef = D4FF6DE81B2F19CE00161909 /* DCFXMLAttribute.h */; };
		D4FF6DEB1B2F1C2800161909 /* DCFXMLAttribute.cpp in Sources */ = {isa = PBXBuildFile; fileRef = D4FF6DEA1B2F1C2800161909 /* DCFXMLAttribute.cpp */; };
/* End PBXBuildFile section */

/* Begin PBXBuildRule section */
		D4F498C11AF916FE0022A50E /* PBXBuildRule */ = {
			isa = PBXBuildRule;
			compilerSpec = com.apple.compilers.proxy.script;
			fileType = pattern.proxy;
			isEditable = 1;
			name = .doxy;
			outputFiles = (
			);
			script = "/usr/local/bin/doxygen -g";
		};
/* End PBXBuildRule section */

/* Begin PBXContainerItemProxy section */
		D4FC9AAD1B0A494C00E6B56D /* PBXContainerItemProxy */ = {
			isa = PBXContainerItemProxy;
			containerPortal = D4C351811AC4A863003ECB09 /* Project object */;
			proxyType = 1;
			remoteGlobalIDString = D4C351881AC4A863003ECB09;
			remoteInfo = DCFoundation;
		};
/* End PBXContainerItemProxy section */

/* Begin PBXCopyFilesBuildPhase section */
		D49268581AC5BF2E00AD4F33 /* Copy Files */ = {
			isa = PBXCopyFilesBuildPhase;
			buildActionMask = 2147483647;
			dstPath = DCFoundation;
			dstSubfolderSpec = 16;
			files = (
			);
			name = "Copy Files";
			runOnlyForDeploymentPostprocessing = 0;
		};
/* End PBXCopyFilesBuildPhase section */

/* Begin PBXFileReference section */
		6A02B86B1AEF0ACA00D92050 /* DCFConcurrency.cpp */ = {isa = PBXFileReference; fileEncoding = 4; lastKnownFileType = sourcecode.cpp.cpp; path = DCFConcurrency.cpp; sourceTree = "<group>"; };
		6A02B86C1AEF0ACA00D92050 /* DCFConcurrency.h */ = {isa = PBXFileReference; fileEncoding = 4; lastKnownFileType = sourcecode.c.h; path = DCFConcurrency.h; sourceTree = "<group>"; };
		7CD7DC251B2B34F90019313A /* DCFXML.h */ = {isa = PBXFileReference; fileEncoding = 4; lastKnownFileType = sourcecode.c.h; path = DCFXML.h; sourceTree = "<group>"; };
		7CD7DC291B2B35600019313A /* DCFXMLDOM.h */ = {isa = PBXFileReference; fileEncoding = 4; lastKnownFileType = sourcecode.c.h; path = DCFXMLDOM.h; sourceTree = "<group>"; };
		7CD7DC2B1B2B35850019313A /* DCFXMLSAX.h */ = {isa = PBXFileReference; fileEncoding = 4; lastKnownFileType = sourcecode.c.h; path = DCFXMLSAX.h; sourceTree = "<group>"; };
		D40A09911B0B73CE003F947F /* DCFObjectTest.cpp */ = {isa = PBXFileReference; fileEncoding = 4; lastKnownFileType = sourcecode.cpp.cpp; path = DCFObjectTest.cpp; sourceTree = "<group>"; };
		D40A09931B0B73EC003F947F /* DCFTesting.h */ = {isa = PBXFileReference; fileEncoding = 4; lastKnownFileType = sourcecode.c.h; path = DCFTesting.h; sourceTree = "<group>"; };
		D42779941AEEBE6500B6680A /* gtest.framework */ = {isa = PBXFileReference; lastKnownFileType = wrapper.framework; name = gtest.framework; path = /Library/Frameworks/gtest.framework; sourceTree = "<absolute>"; };
		D42779961AEEBF9500B6680A /* libgtest_main.a */ = {isa = PBXFileReference; lastKnownFileType = archive.ar; name = libgtest_main.a; path = /Library/Frameworks/gtest.framework/Resources/libgtest_main.a; sourceTree = "<absolute>"; };
		D44165421B2F390D0035B982 /* DCFXMLNode.cpp */ = {isa = PBXFileReference; fileEncoding = 4; lastKnownFileType = sourcecode.cpp.cpp; path = DCFXMLNode.cpp; sourceTree = "<group>"; };
		D44165431B2F390D0035B982 /* DCFXMLNode.h */ = {isa = PBXFileReference; fileEncoding = 4; lastKnownFileType = sourcecode.c.h; path = DCFXMLNode.h; sourceTree = "<group>"; };
		D45EFF391AE061F9007240DA /* DCFBase.h */ = {isa = PBXFileReference; fileEncoding = 4; lastKnownFileType = sourcecode.c.h; path = DCFBase.h; sourceTree = "<group>"; };
		D45EFF3A1AE061F9007240DA /* DCFDefines.cpp */ = {isa = PBXFileReference; fileEncoding = 4; lastKnownFileType = sourcecode.cpp.cpp; path = DCFDefines.cpp; sourceTree = "<group>"; };
		D45EFF3B1AE061F9007240DA /* DCFDefines.h */ = {isa = PBXFileReference; fileEncoding = 4; lastKnownFileType = sourcecode.c.h; path = DCFDefines.h; sourceTree = "<group>"; };
		D45EFF3C1AE061F9007240DA /* DCFMacros.h */ = {isa = PBXFileReference; fileEncoding = 4; lastKnownFileType = sourcecode.c.h; path = DCFMacros.h; sourceTree = "<group>"; };
		D45EFF3D1AE061F9007240DA /* DCFObject.cpp */ = {isa = PBXFileReference; fileEncoding = 4; lastKnownFileType = sourcecode.cpp.cpp; path = DCFObject.cpp; sourceTree = "<group>"; };
		D45EFF3E1AE061F9007240DA /* DCFObject.h */ = {isa = PBXFileReference; fileEncoding = 4; lastKnownFileType = sourcecode.c.h; path = DCFObject.h; sourceTree = "<group>"; };
		D45EFF3F1AE061F9007240DA /* DCFoundation.cpp */ = {isa = PBXFileReference; fileEncoding = 4; lastKnownFileType = sourcecode.cpp.cpp; path = DCFoundation.cpp; sourceTree = "<group>"; };
		D45EFF401AE061F9007240DA /* DCFRTTI.cpp */ = {isa = PBXFileReference; fileEncoding = 4; lastKnownFileType = sourcecode.cpp.cpp; path = DCFRTTI.cpp; sourceTree = "<group>"; };
		D45EFF411AE061F9007240DA /* DCFRTTI.h */ = {isa = PBXFileReference; fileEncoding = 4; lastKnownFileType = sourcecode.c.h; path = DCFRTTI.h; sourceTree = "<group>"; };
		D45EFF431AE061F9007240DA /* DCFSingleton.h */ = {isa = PBXFileReference; fileEncoding = 4; lastKnownFileType = sourcecode.c.h; path = DCFSingleton.h; sourceTree = "<group>"; };
		D45EFF441AE061F9007240DA /* DCFoundation.h */ = {isa = PBXFileReference; fileEncoding = 4; lastKnownFileType = sourcecode.c.h; path = DCFoundation.h; sourceTree = "<group>"; };
		D45EFF451AE061F9007240DA /* DCFoundationPriv.h */ = {isa = PBXFileReference; fileEncoding = 4; lastKnownFileType = sourcecode.c.h; path = DCFoundationPriv.h; sourceTree = "<group>"; };
		D45EFF4B1AE061F9007240DA /* DCFPlatform.cpp */ = {isa = PBXFileReference; fileEncoding = 4; lastKnownFileType = sourcecode.cpp.cpp; path = DCFPlatform.cpp; sourceTree = "<group>"; };
		D45EFF4C1AE061F9007240DA /* DCFPlatform.h */ = {isa = PBXFileReference; fileEncoding = 4; lastKnownFileType = sourcecode.c.h; path = DCFPlatform.h; sourceTree = "<group>"; };
		D45EFF4D1AE061F9007240DA /* DCFSystem.h */ = {isa = PBXFileReference; fileEncoding = 4; lastKnownFileType = sourcecode.c.h; path = DCFSystem.h; sourceTree = "<group>"; };
		D46113251B1F4E270019775A /* DCFLockable.h */ = {isa = PBXFileReference; fileEncoding = 4; lastKnownFileType = sourcecode.c.h; path = DCFLockable.h; sourceTree = "<group>"; };
		D46113271B1F53670019775A /* DCFLockableTest.cpp */ = {isa = PBXFileReference; fileEncoding = 4; lastKnownFileType = sourcecode.cpp.cpp; path = DCFLockableTest.cpp; sourceTree = "<group>"; };
		D4617F0D1AE06C56009B092C /* libc++.dylib */ = {isa = PBXFileReference; lastKnownFileType = "compiled.mach-o.dylib"; name = "libc++.dylib"; path = "usr/lib/libc++.dylib"; sourceTree = SDKROOT; };
		D474FCC71B20AD5900AC27AC /* DCFUtilityTest.cpp */ = {isa = PBXFileReference; fileEncoding = 4; lastKnownFileType = sourcecode.cpp.cpp; path = DCFUtilityTest.cpp; sourceTree = "<group>"; };
		D48014AE1B39ACD80009E28F /* DCFStringEncodings.h */ = {isa = PBXFileReference; fileEncoding = 4; lastKnownFileType = sourcecode.c.h; path = DCFStringEncodings.h; sourceTree = "<group>"; };
		D4806AED1B16498500F3609C /* DCFXMLRepresentation.h */ = {isa = PBXFileReference; fileEncoding = 4; lastKnownFileType = sourcecode.c.h; path = DCFXMLRepresentation.h; sourceTree = "<group>"; };
		D4939F291B331327005553BF /* DCFMetaClass.cpp */ = {isa = PBXFileReference; fileEncoding = 4; lastKnownFileType = sourcecode.cpp.cpp; path = DCFMetaClass.cpp; sourceTree = "<group>"; };
		D4939F2A1B331327005553BF /* DCFMetaClass.h */ = {isa = PBXFileReference; fileEncoding = 4; lastKnownFileType = sourcecode.c.h; path = DCFMetaClass.h; sourceTree = "<group>"; };
		D4939F2D1B331344005553BF /* DCFMetaClassBase.cpp */ = {isa = PBXFileReference; fileEncoding = 4; lastKnownFileType = sourcecode.cpp.cpp; path = DCFMetaClassBase.cpp; sourceTree = "<group>"; };
		D4939F2E1B331345005553BF /* DCFMetaClassBase.h */ = {isa = PBXFileReference; fileEncoding = 4; lastKnownFileType = sourcecode.c.h; path = DCFMetaClassBase.h; sourceTree = "<group>"; };
		D4939F311B331CCA005553BF /* DCFSymbol.cpp */ = {isa = PBXFileReference; fileEncoding = 4; lastKnownFileType = sourcecode.cpp.cpp; path = DCFSymbol.cpp; sourceTree = "<group>"; };
		D4939F321B331CCA005553BF /* DCFSymbol.h */ = {isa = PBXFileReference; fileEncoding = 4; lastKnownFileType = sourcecode.c.h; path = DCFSymbol.h; sourceTree = "<group>"; };
		D4939F351B3331C4005553BF /* DCFPlatformTest.cpp */ = {isa = PBXFileReference; fileEncoding = 4; lastKnownFileType = sourcecode.cpp.cpp; path = DCFPlatformTest.cpp; sourceTree = "<group>"; };
		D4A31E971B305C8B00F5D458 /* DCFString.cpp */ = {isa = PBXFileReference; fileEncoding = 4; lastKnownFileType = sourcecode.cpp.cpp; path = DCFString.cpp; sourceTree = "<group>"; };
		D4A31E981B305C8B00F5D458 /* DCFString.h */ = {isa = PBXFileReference; fileEncoding = 4; lastKnownFileType = sourcecode.c.h; path = DCFString.h; sourceTree = "<group>"; };
		D4A31E9B1B30610000F5D458 /* DCFProcessInfo.cpp */ = {isa = PBXFileReference; fileEncoding = 4; lastKnownFileType = sourcecode.cpp.cpp; path = DCFProcessInfo.cpp; sourceTree = "<group>"; };
		D4A31E9C1B30610000F5D458 /* DCFProcessInfo.h */ = {isa = PBXFileReference; fileEncoding = 4; lastKnownFileType = sourcecode.c.h; path = DCFProcessInfo.h; sourceTree = "<group>"; };
		D4A31EA01B3074B800F5D458 /* DCFHashable.h */ = {isa = PBXFileReference; fileEncoding = 4; lastKnownFileType = sourcecode.c.h; path = DCFHashable.h; sourceTree = "<group>"; };
		D4A31EA21B30755300F5D458 /* DCFMetaObject.cpp */ = {isa = PBXFileReference; fileEncoding = 4; lastKnownFileType = sourcecode.cpp.cpp; path = DCFMetaObject.cpp; sourceTree = "<group>"; };
		D4A31EA31B30755300F5D458 /* DCFMetaObject.h */ = {isa = PBXFileReference; fileEncoding = 4; lastKnownFileType = sourcecode.c.h; path = DCFMetaObject.h; sourceTree = "<group>"; };
		D4AFAF3E1B384B7F0084B13B /* DCFMetaClassMacros.h */ = {isa = PBXFileReference; fileEncoding = 4; lastKnownFileType = sourcecode.c.h; path = DCFMetaClassMacros.h; sourceTree = "<group>"; };
		D4AFAF401B387E530084B13B /* DCFHost.cpp */ = {isa = PBXFileReference; fileEncoding = 4; lastKnownFileType = sourcecode.cpp.cpp; path = DCFHost.cpp; sourceTree = "<group>"; };
		D4AFAF411B387E530084B13B /* DCFHost.h */ = {isa = PBXFileReference; fileEncoding = 4; lastKnownFileType = sourcecode.c.h; path = DCFHost.h; sourceTree = "<group>"; };
		D4AFAF4D1B38856C0084B13B /* DCFDarwinPlatform.cpp */ = {isa = PBXFileReference; fileEncoding = 4; lastKnownFileType = sourcecode.cpp.cpp; path = DCFDarwinPlatform.cpp; sourceTree = "<group>"; };
		D4AFAF4E1B38856C0084B13B /* DCFDarwinPlatform.h */ = {isa = PBXFileReference; fileEncoding = 4; lastKnownFileType = sourcecode.c.h; path = DCFDarwinPlatform.h; sourceTree = "<group>"; };
		D4AFAF521B3885820084B13B /* DCFLinuxPlatform.cpp */ = {isa = PBXFileReference; fileEncoding = 4; lastKnownFileType = sourcecode.cpp.cpp; path = DCFLinuxPlatform.cpp; sourceTree = "<group>"; };
		D4AFAF531B3885820084B13B /* DCFLinuxPlatform.h */ = {isa = PBXFileReference; fileEncoding = 4; lastKnownFileType = sourcecode.c.h; path = DCFLinuxPlatform.h; sourceTree = "<group>"; };
		D4AFAF561B3885900084B13B /* DCFWindowsPlatform.cpp */ = {isa = PBXFileReference; fileEncoding = 4; lastKnownFileType = sourcecode.cpp.cpp; path = DCFWindowsPlatform.cpp; sourceTree = "<group>"; };
		D4AFAF571B3885900084B13B /* DCFWindowsPlatform.h */ = {isa = PBXFileReference; fileEncoding = 4; lastKnownFileType = sourcecode.c.h; path = DCFWindowsPlatform.h; sourceTree = "<group>"; };
		D4AFAF5B1B389B170084B13B /* CoreFoundation.framework */ = {isa = PBXFileReference; lastKnownFileType = wrapper.framework; name = CoreFoundation.framework; path = System/Library/Frameworks/CoreFoundation.framework; sourceTree = SDKROOT; };
		D4C351891AC4A863003ECB09 /* libDCFoundation.dylib */ = {isa = PBXFileReference; explicitFileType = "compiled.mach-o.dylib"; includeInIndex = 0; path = libDCFoundation.dylib; sourceTree = BUILT_PRODUCTS_DIR; };
		D4D900C51AF947840082CC7A /* DCFUtility.cpp */ = {isa = PBXFileReference; fileEncoding = 4; lastKnownFileType = sourcecode.cpp.cpp; path = DCFUtility.cpp; sourceTree = "<group>"; };
		D4D900C61AF947840082CC7A /* DCFUtility.h */ = {isa = PBXFileReference; fileEncoding = 4; lastKnownFileType = sourcecode.c.h; path = DCFUtility.h; sourceTree = "<group>"; };
		D4F498BA1AF914A60022A50E /* doxygen-layout.xml */ = {isa = PBXFileReference; fileEncoding = 4; lastKnownFileType = text.xml; path = "doxygen-layout.xml"; sourceTree = "<group>"; };
		D4F498BB1AF914A60022A50E /* doxygen.cfg */ = {isa = PBXFileReference; fileEncoding = 4; lastKnownFileType = text; path = doxygen.cfg; sourceTree = "<group>"; };
		D4FC9AA61B0A494C00E6B56D /* DCFoundation Tests.xctest */ = {isa = PBXFileReference; explicitFileType = wrapper.cfbundle; includeInIndex = 0; path = "DCFoundation Tests.xctest"; sourceTree = BUILT_PRODUCTS_DIR; };
		D4FC9AA91B0A494C00E6B56D /* Info.plist */ = {isa = PBXFileReference; lastKnownFileType = text.plist.xml; path = Info.plist; sourceTree = "<group>"; };
		D4FC9AB21B0A49D800E6B56D /* DCFGoogleTestAdaptor.mm */ = {isa = PBXFileReference; fileEncoding = 4; lastKnownFileType = sourcecode.cpp.objcpp; path = DCFGoogleTestAdaptor.mm; sourceTree = "<group>"; };
		D4FF6DE41B2F16C100161909 /* DCFXMLAttributeList.h */ = {isa = PBXFileReference; fileEncoding = 4; lastKnownFileType = sourcecode.c.h; path = DCFXMLAttributeList.h; sourceTree = "<group>"; };
		D4FF6DE61B2F16E900161909 /* DCFXMLBase.h */ = {isa = PBXFileReference; fileEncoding = 4; lastKnownFileType = sourcecode.c.h; path = DCFXMLBase.h; sourceTree = "<group>"; };
		D4FF6DE81B2F19CE00161909 /* DCFXMLAttribute.h */ = {isa = PBXFileReference; fileEncoding = 4; lastKnownFileType = sourcecode.c.h; path = DCFXMLAttribute.h; sourceTree = "<group>"; };
		D4FF6DEA1B2F1C2800161909 /* DCFXMLAttribute.cpp */ = {isa = PBXFileReference; fileEncoding = 4; lastKnownFileType = sourcecode.cpp.cpp; path = DCFXMLAttribute.cpp; sourceTree = "<group>"; };
/* End PBXFileReference section */

/* Begin PBXFrameworksBuildPhase section */
		D4C351861AC4A863003ECB09 /* Frameworks */ = {
			isa = PBXFrameworksBuildPhase;
			buildActionMask = 2147483647;
			files = (
				D4AFAF5C1B389B170084B13B /* CoreFoundation.framework in Frameworks */,
				D4617F0E1AE06C56009B092C /* libc++.dylib in Frameworks */,
			);
			runOnlyForDeploymentPostprocessing = 0;
		};
		D4FC9AA31B0A494C00E6B56D /* Frameworks */ = {
			isa = PBXFrameworksBuildPhase;
			buildActionMask = 2147483647;
			files = (
				D4FC9AAC1B0A494C00E6B56D /* libDCFoundation.dylib in Frameworks */,
				D4FC9AB41B0A4A1600E6B56D /* gtest.framework in Frameworks */,
			);
			runOnlyForDeploymentPostprocessing = 0;
		};
/* End PBXFrameworksBuildPhase section */

/* Begin PBXGroup section */
		6A02B86A1AEF0A5900D92050 /* Concurrency */ = {
			isa = PBXGroup;
			children = (
				6A02B86C1AEF0ACA00D92050 /* DCFConcurrency.h */,
				6A02B86B1AEF0ACA00D92050 /* DCFConcurrency.cpp */,
			);
			path = Concurrency;
			sourceTree = "<group>";
		};
		7CD7DC241B2B34CB0019313A /* XML */ = {
			isa = PBXGroup;
			children = (
				7CD7DC251B2B34F90019313A /* DCFXML.h */,
				D4FF6DE61B2F16E900161909 /* DCFXMLBase.h */,
				D44165431B2F390D0035B982 /* DCFXMLNode.h */,
				D44165421B2F390D0035B982 /* DCFXMLNode.cpp */,
				D4FF6DE81B2F19CE00161909 /* DCFXMLAttribute.h */,
				D4FF6DEA1B2F1C2800161909 /* DCFXMLAttribute.cpp */,
				7CD7DC281B2B35320019313A /* DOM */,
				7CD7DC271B2B35100019313A /* SAX */,
			);
			path = XML;
			sourceTree = "<group>";
		};
		7CD7DC271B2B35100019313A /* SAX */ = {
			isa = PBXGroup;
			children = (
				7CD7DC2B1B2B35850019313A /* DCFXMLSAX.h */,
				D4FF6DE41B2F16C100161909 /* DCFXMLAttributeList.h */,
			);
			path = SAX;
			sourceTree = "<group>";
		};
		7CD7DC281B2B35320019313A /* DOM */ = {
			isa = PBXGroup;
			children = (
				7CD7DC291B2B35600019313A /* DCFXMLDOM.h */,
			);
			path = DOM;
			sourceTree = "<group>";
		};
		D45EFF371AE061F9007240DA /* Source */ = {
			isa = PBXGroup;
			children = (
				D45EFF441AE061F9007240DA /* DCFoundation.h */,
				D45EFF451AE061F9007240DA /* DCFoundationPriv.h */,
				D45EFF381AE061F9007240DA /* Base */,
				D45EFF461AE061F9007240DA /* System */,
				7CD7DC241B2B34CB0019313A /* XML */,
			);
			name = Source;
			path = DCFoundation/Source;
			sourceTree = "<group>";
		};
		D45EFF381AE061F9007240DA /* Base */ = {
			isa = PBXGroup;
			children = (
				D45EFF391AE061F9007240DA /* DCFBase.h */,
				D45EFF3B1AE061F9007240DA /* DCFDefines.h */,
				D45EFF3A1AE061F9007240DA /* DCFDefines.cpp */,
				D45EFF3C1AE061F9007240DA /* DCFMacros.h */,
				D4939F2E1B331345005553BF /* DCFMetaClassBase.h */,
				D4939F2D1B331344005553BF /* DCFMetaClassBase.cpp */,
				D4AFAF3E1B384B7F0084B13B /* DCFMetaClassMacros.h */,
				D4939F2A1B331327005553BF /* DCFMetaClass.h */,
				D4939F291B331327005553BF /* DCFMetaClass.cpp */,
				D4A31EA31B30755300F5D458 /* DCFMetaObject.h */,
				D4A31EA21B30755300F5D458 /* DCFMetaObject.cpp */,
				D45EFF3E1AE061F9007240DA /* DCFObject.h */,
				D45EFF3D1AE061F9007240DA /* DCFObject.cpp */,
				D45EFF411AE061F9007240DA /* DCFRTTI.h */,
				D45EFF401AE061F9007240DA /* DCFRTTI.cpp */,
				D4D900C61AF947840082CC7A /* DCFUtility.h */,
				D4D900C51AF947840082CC7A /* DCFUtility.cpp */,
				D48014AE1B39ACD80009E28F /* DCFStringEncodings.h */,
				D4A31E981B305C8B00F5D458 /* DCFString.h */,
				D4A31E971B305C8B00F5D458 /* DCFString.cpp */,
				D4939F321B331CCA005553BF /* DCFSymbol.h */,
				D4939F311B331CCA005553BF /* DCFSymbol.cpp */,
				D45EFF3F1AE061F9007240DA /* DCFoundation.cpp */,
				6A02B86A1AEF0A5900D92050 /* Concurrency */,
				D4806AEC1B16494900F3609C /* Interfaces */,
				D45EFF421AE061F9007240DA /* Patterns */,
				D4A7CA141AF8FEB5006360D4 /* Serializer */,
			);
			path = Base;
			sourceTree = "<group>";
		};
		D45EFF421AE061F9007240DA /* Patterns */ = {
			isa = PBXGroup;
			children = (
				D45EFF431AE061F9007240DA /* DCFSingleton.h */,
			);
			path = Patterns;
			sourceTree = "<group>";
		};
		D45EFF461AE061F9007240DA /* System */ = {
			isa = PBXGroup;
			children = (
				D45EFF4D1AE061F9007240DA /* DCFSystem.h */,
				D45EFF4C1AE061F9007240DA /* DCFPlatform.h */,
				D45EFF4B1AE061F9007240DA /* DCFPlatform.cpp */,
				D4AFAF411B387E530084B13B /* DCFHost.h */,
				D4AFAF401B387E530084B13B /* DCFHost.cpp */,
				D4A31E9C1B30610000F5D458 /* DCFProcessInfo.h */,
				D4A31E9B1B30610000F5D458 /* DCFProcessInfo.cpp */,
				D4AFAF461B3882800084B13B /* Darwin */,
				D4AFAF481B3882B50084B13B /* Linux */,
				D4AFAF471B3882960084B13B /* Windows */,
			);
			path = System;
			sourceTree = "<group>";
		};
		D4806AEC1B16494900F3609C /* Interfaces */ = {
			isa = PBXGroup;
			children = (
				D46113251B1F4E270019775A /* DCFLockable.h */,
				D4A31EA01B3074B800F5D458 /* DCFHashable.h */,
				D4806AED1B16498500F3609C /* DCFXMLRepresentation.h */,
			);
			path = Interfaces;
			sourceTree = "<group>";
		};
		D4A7CA141AF8FEB5006360D4 /* Serializer */ = {
			isa = PBXGroup;
			children = (
			);
			path = Serializer;
			sourceTree = "<group>";
		};
		D4AFAF461B3882800084B13B /* Darwin */ = {
			isa = PBXGroup;
			children = (
				D4AFAF4E1B38856C0084B13B /* DCFDarwinPlatform.h */,
				D4AFAF4D1B38856C0084B13B /* DCFDarwinPlatform.cpp */,
			);
			path = Darwin;
			sourceTree = "<group>";
		};
		D4AFAF471B3882960084B13B /* Windows */ = {
			isa = PBXGroup;
			children = (
				D4AFAF571B3885900084B13B /* DCFWindowsPlatform.h */,
				D4AFAF561B3885900084B13B /* DCFWindowsPlatform.cpp */,
			);
			path = Windows;
			sourceTree = "<group>";
		};
		D4AFAF481B3882B50084B13B /* Linux */ = {
			isa = PBXGroup;
			children = (
				D4AFAF531B3885820084B13B /* DCFLinuxPlatform.h */,
				D4AFAF521B3885820084B13B /* DCFLinuxPlatform.cpp */,
			);
			path = Linux;
			sourceTree = "<group>";
		};
		D4AFAF5A1B389AF30084B13B /* Linked Frameworks */ = {
			isa = PBXGroup;
			children = (
				D4AFAF5B1B389B170084B13B /* CoreFoundation.framework */,
				D42779961AEEBF9500B6680A /* libgtest_main.a */,
				D42779941AEEBE6500B6680A /* gtest.framework */,
				D4617F0D1AE06C56009B092C /* libc++.dylib */,
			);
			name = "Linked Frameworks";
			sourceTree = "<group>";
		};
		D4C351801AC4A863003ECB09 = {
			isa = PBXGroup;
			children = (
				D4AFAF5A1B389AF30084B13B /* Linked Frameworks */,
				D4F498B71AF913360022A50E /* Resources */,
				D45EFF371AE061F9007240DA /* Source */,
				D4FC9AA71B0A494C00E6B56D /* DCFoundation Tests */,
				D4C3518A1AC4A863003ECB09 /* Products */,
			);
			sourceTree = "<group>";
		};
		D4C3518A1AC4A863003ECB09 /* Products */ = {
			isa = PBXGroup;
			children = (
				D4C351891AC4A863003ECB09 /* libDCFoundation.dylib */,
				D4FC9AA61B0A494C00E6B56D /* DCFoundation Tests.xctest */,
			);
			name = Products;
			sourceTree = "<group>";
		};
		D4F498B71AF913360022A50E /* Resources */ = {
			isa = PBXGroup;
			children = (
				D4F498B81AF913510022A50E /* Scripts */,
			);
			name = Resources;
			path = DCFoundation/Resources;
			sourceTree = "<group>";
		};
		D4F498B81AF913510022A50E /* Scripts */ = {
			isa = PBXGroup;
			children = (
				D4F498B91AF914A60022A50E /* doxygen */,
			);
			path = Scripts;
			sourceTree = "<group>";
		};
		D4F498B91AF914A60022A50E /* doxygen */ = {
			isa = PBXGroup;
			children = (
				D4F498BA1AF914A60022A50E /* doxygen-layout.xml */,
				D4F498BB1AF914A60022A50E /* doxygen.cfg */,
			);
			path = doxygen;
			sourceTree = "<group>";
		};
		D4FC9AA71B0A494C00E6B56D /* DCFoundation Tests */ = {
			isa = PBXGroup;
			children = (
				D40A09931B0B73EC003F947F /* DCFTesting.h */,
				D40A09911B0B73CE003F947F /* DCFObjectTest.cpp */,
				D474FCC71B20AD5900AC27AC /* DCFUtilityTest.cpp */,
				D46113271B1F53670019775A /* DCFLockableTest.cpp */,
				D4939F351B3331C4005553BF /* DCFPlatformTest.cpp */,
				D4FC9AA81B0A494C00E6B56D /* Supporting Files */,
			);
			path = "DCFoundation Tests";
			sourceTree = "<group>";
		};
		D4FC9AA81B0A494C00E6B56D /* Supporting Files */ = {
			isa = PBXGroup;
			children = (
				D4FC9AA91B0A494C00E6B56D /* Info.plist */,
				D4FC9AB21B0A49D800E6B56D /* DCFGoogleTestAdaptor.mm */,
			);
			name = "Supporting Files";
			sourceTree = "<group>";
		};
/* End PBXGroup section */

/* Begin PBXHeadersBuildPhase section */
		D4C351871AC4A863003ECB09 /* Headers */ = {
			isa = PBXHeadersBuildPhase;
			buildActionMask = 2147483647;
			files = (
				D4A31E9E1B30610000F5D458 /* DCFProcessInfo.h in Headers */,
				6ABC86AD1AD81D4C001D81AB /* (null) in Headers */,
				D45EFF581AE061F9007240DA /* DCFRTTI.h in Headers */,
				7CD7DC2A1B2B35600019313A /* DCFXMLDOM.h in Headers */,
				6ABC869E1AD81BC9001D81AB /* (null) in Headers */,
				D45EFF5A1AE061F9007240DA /* DCFoundation.h in Headers */,
				D44165451B2F390D0035B982 /* DCFXMLNode.h in Headers */,
				D4806AEE1B16498500F3609C /* DCFXMLRepresentation.h in Headers */,
				D4FF6DE91B2F19CE00161909 /* DCFXMLAttribute.h in Headers */,
				6ABC86A91AD81D33001D81AB /* (null) in Headers */,
				D4939F341B331CCA005553BF /* DCFSymbol.h in Headers */,
				D48014AF1B39ACD80009E28F /* DCFStringEncodings.h in Headers */,
				D45EFF521AE061F9007240DA /* DCFDefines.h in Headers */,
				D45EFF501AE061F9007240DA /* DCFBase.h in Headers */,
				D4FF6DE51B2F16C100161909 /* DCFXMLAttributeList.h in Headers */,
				D4FF6DE71B2F16E900161909 /* DCFXMLBase.h in Headers */,
				D45EFF5B1AE061F9007240DA /* DCFoundationPriv.h in Headers */,
				D4A31EA11B3074B800F5D458 /* DCFHashable.h in Headers */,
				D45EFF591AE061F9007240DA /* DCFSingleton.h in Headers */,
				D4D900C81AF947840082CC7A /* DCFUtility.h in Headers */,
				7CD7DC261B2B34F90019313A /* DCFXML.h in Headers */,
				D4A31EA51B30755300F5D458 /* DCFMetaObject.h in Headers */,
				6ABC86B11AD81D97001D81AB /* (null) in Headers */,
				6A02B86E1AEF0ACA00D92050 /* DCFConcurrency.h in Headers */,
				6ABC86961AD81AF3001D81AB /* (null) in Headers */,
				D45EFF531AE061F9007240DA /* DCFMacros.h in Headers */,
				6ABC86B51AD81DD5001D81AB /* (null) in Headers */,
				D45EFF621AE061F9007240DA /* DCFSystem.h in Headers */,
				D45EFF551AE061F9007240DA /* DCFObject.h in Headers */,
				D4AFAF501B38856C0084B13B /* DCFDarwinPlatform.h in Headers */,
				D45EFF611AE061F9007240DA /* DCFPlatform.h in Headers */,
				D4AFAF431B387E530084B13B /* DCFHost.h in Headers */,
				6ABC869A1AD81B9E001D81AB /* (null) in Headers */,
				D4A31E9A1B305C8B00F5D458 /* DCFString.h in Headers */,
				D46113261B1F4E270019775A /* DCFLockable.h in Headers */,
				6ABC86A21AD81C7D001D81AB /* (null) in Headers */,
				7CD7DC2C1B2B35850019313A /* DCFXMLSAX.h in Headers */,
			);
			runOnlyForDeploymentPostprocessing = 0;
		};
/* End PBXHeadersBuildPhase section */

/* Begin PBXNativeTarget section */
		D4C351881AC4A863003ECB09 /* DCFoundation */ = {
			isa = PBXNativeTarget;
			buildConfigurationList = D4C351941AC4A864003ECB09 /* Build configuration list for PBXNativeTarget "DCFoundation" */;
			buildPhases = (
				D49268581AC5BF2E00AD4F33 /* Copy Files */,
				D4C351851AC4A863003ECB09 /* Sources */,
				D4C351861AC4A863003ECB09 /* Frameworks */,
				D4C351871AC4A863003ECB09 /* Headers */,
			);
			buildRules = (
				D4F498C11AF916FE0022A50E /* PBXBuildRule */,
			);
			dependencies = (
			);
			name = DCFoundation;
			productName = DCFoundation;
			productReference = D4C351891AC4A863003ECB09 /* libDCFoundation.dylib */;
			productType = "com.apple.product-type.library.dynamic";
		};
		D4FC9AA51B0A494C00E6B56D /* DCFoundation Tests */ = {
			isa = PBXNativeTarget;
			buildConfigurationList = D4FC9AB11B0A494C00E6B56D /* Build configuration list for PBXNativeTarget "DCFoundation Tests" */;
			buildPhases = (
				D4FC9AA21B0A494C00E6B56D /* Sources */,
				D4FC9AA31B0A494C00E6B56D /* Frameworks */,
				D4FC9AA41B0A494C00E6B56D /* Resources */,
			);
			buildRules = (
			);
			dependencies = (
				D4FC9AAE1B0A494C00E6B56D /* PBXTargetDependency */,
			);
			name = "DCFoundation Tests";
			productName = "DCFoundation Tests";
			productReference = D4FC9AA61B0A494C00E6B56D /* DCFoundation Tests.xctest */;
			productType = "com.apple.product-type.bundle.unit-test";
		};
/* End PBXNativeTarget section */

/* Begin PBXProject section */
		D4C351811AC4A863003ECB09 /* Project object */ = {
			isa = PBXProject;
			attributes = {
				CLASSPREFIX = DCF;
				LastUpgradeCheck = 0630;
				ORGANIZATIONNAME = "Design Complex LLC";
				TargetAttributes = {
					D4C351881AC4A863003ECB09 = {
						CreatedOnToolsVersion = 6.2;
					};
					D4FC9AA51B0A494C00E6B56D = {
						CreatedOnToolsVersion = 6.3.1;
					};
				};
			};
			buildConfigurationList = D4C351841AC4A863003ECB09 /* Build configuration list for PBXProject "DCFoundation" */;
			compatibilityVersion = "Xcode 3.2";
			developmentRegion = English;
			hasScannedForEncodings = 0;
			knownRegions = (
				en,
			);
			mainGroup = D4C351801AC4A863003ECB09;
			productRefGroup = D4C3518A1AC4A863003ECB09 /* Products */;
			projectDirPath = "";
			projectRoot = "";
			targets = (
				D4C351881AC4A863003ECB09 /* DCFoundation */,
				D4FC9AA51B0A494C00E6B56D /* DCFoundation Tests */,
			);
		};
/* End PBXProject section */

/* Begin PBXResourcesBuildPhase section */
		D4FC9AA41B0A494C00E6B56D /* Resources */ = {
			isa = PBXResourcesBuildPhase;
			buildActionMask = 2147483647;
			files = (
			);
			runOnlyForDeploymentPostprocessing = 0;
		};
/* End PBXResourcesBuildPhase section */

/* Begin PBXSourcesBuildPhase section */
		D4C351851AC4A863003ECB09 /* Sources */ = {
			isa = PBXSourcesBuildPhase;
			buildActionMask = 2147483647;
			files = (
				D45EFF601AE061F9007240DA /* DCFPlatform.cpp in Sources */,
				D4AFAF4F1B38856C0084B13B /* DCFDarwinPlatform.cpp in Sources */,
				D44165441B2F390D0035B982 /* DCFXMLNode.cpp in Sources */,
				D4939F331B331CCA005553BF /* DCFSymbol.cpp in Sources */,
				D4D900C71AF947840082CC7A /* DCFUtility.cpp in Sources */,
				D4AFAF421B387E530084B13B /* DCFHost.cpp in Sources */,
				6A02B86D1AEF0ACA00D92050 /* DCFConcurrency.cpp in Sources */,
				D4A31EA41B30755300F5D458 /* DCFMetaObject.cpp in Sources */,
				D45EFF571AE061F9007240DA /* DCFRTTI.cpp in Sources */,
				D45EFF541AE061F9007240DA /* DCFObject.cpp in Sources */,
				D4FF6DEB1B2F1C2800161909 /* DCFXMLAttribute.cpp in Sources */,
				D4A31E991B305C8B00F5D458 /* DCFString.cpp in Sources */,
				D4A31E9D1B30610000F5D458 /* DCFProcessInfo.cpp in Sources */,
				D45EFF511AE061F9007240DA /* DCFDefines.cpp in Sources */,
			);
			runOnlyForDeploymentPostprocessing = 0;
		};
		D4FC9AA21B0A494C00E6B56D /* Sources */ = {
			isa = PBXSourcesBuildPhase;
			buildActionMask = 2147483647;
			files = (
				D474FCC81B20AD5900AC27AC /* DCFUtilityTest.cpp in Sources */,
				D40A09921B0B73CE003F947F /* DCFObjectTest.cpp in Sources */,
				D4FC9AB31B0A49D800E6B56D /* DCFGoogleTestAdaptor.mm in Sources */,
				D46113281B1F53670019775A /* DCFLockableTest.cpp in Sources */,
				D4939F361B3331C4005553BF /* DCFPlatformTest.cpp in Sources */,
			);
			runOnlyForDeploymentPostprocessing = 0;
		};
/* End PBXSourcesBuildPhase section */

/* Begin PBXTargetDependency section */
		D4FC9AAE1B0A494C00E6B56D /* PBXTargetDependency */ = {
			isa = PBXTargetDependency;
			target = D4C351881AC4A863003ECB09 /* DCFoundation */;
			targetProxy = D4FC9AAD1B0A494C00E6B56D /* PBXContainerItemProxy */;
		};
/* End PBXTargetDependency section */

/* Begin XCBuildConfiguration section */
		D4C351921AC4A864003ECB09 /* Debug */ = {
			isa = XCBuildConfiguration;
			buildSettings = {
				ALWAYS_SEARCH_USER_PATHS = NO;
				CLANG_CXX_LANGUAGE_STANDARD = "gnu++0x";
				CLANG_CXX_LIBRARY = "libc++";
				CLANG_ENABLE_MODULES = YES;
				CLANG_ENABLE_OBJC_ARC = NO;
				CLANG_WARN_BOOL_CONVERSION = YES;
				CLANG_WARN_CONSTANT_CONVERSION = YES;
				CLANG_WARN_CXX0X_EXTENSIONS = YES;
				CLANG_WARN_DIRECT_OBJC_ISA_USAGE = YES_ERROR;
				CLANG_WARN_EMPTY_BODY = YES;
				CLANG_WARN_ENUM_CONVERSION = YES;
				CLANG_WARN_INT_CONVERSION = YES;
				CLANG_WARN_OBJC_ROOT_CLASS = YES_ERROR;
				CLANG_WARN_UNREACHABLE_CODE = YES;
				CLANG_WARN__DUPLICATE_METHOD_MATCH = YES;
				CLANG_WARN__EXIT_TIME_DESTRUCTORS = YES;
				COPY_PHASE_STRIP = NO;
				ENABLE_STRICT_OBJC_MSGSEND = YES;
				GCC_C_LANGUAGE_STANDARD = c11;
				GCC_DYNAMIC_NO_PIC = NO;
				GCC_OPTIMIZATION_LEVEL = 0;
				GCC_PREPROCESSOR_DEFINITIONS = (
					"DEBUG=1",
					"$(inherited)",
				);
				GCC_SYMBOLS_PRIVATE_EXTERN = NO;
				GCC_WARN_64_TO_32_BIT_CONVERSION = YES;
				GCC_WARN_ABOUT_RETURN_TYPE = YES_ERROR;
				GCC_WARN_HIDDEN_VIRTUAL_FUNCTIONS = YES;
				GCC_WARN_NON_VIRTUAL_DESTRUCTOR = YES;
				GCC_WARN_UNDECLARED_SELECTOR = YES;
				GCC_WARN_UNINITIALIZED_AUTOS = YES_AGGRESSIVE;
				GCC_WARN_UNUSED_FUNCTION = YES;
				GCC_WARN_UNUSED_VARIABLE = YES;
				GENERATE_PROFILING_CODE = YES;
				MACOSX_DEPLOYMENT_TARGET = 10.10;
				MTL_ENABLE_DEBUG_INFO = YES;
				ONLY_ACTIVE_ARCH = YES;
				SDKROOT = macosx;
			};
			name = Debug;
		};
		D4C351931AC4A864003ECB09 /* Release */ = {
			isa = XCBuildConfiguration;
			buildSettings = {
				ALWAYS_SEARCH_USER_PATHS = NO;
				CLANG_CXX_LANGUAGE_STANDARD = "gnu++0x";
				CLANG_CXX_LIBRARY = "libc++";
				CLANG_ENABLE_MODULES = YES;
				CLANG_ENABLE_OBJC_ARC = NO;
				CLANG_WARN_BOOL_CONVERSION = YES;
				CLANG_WARN_CONSTANT_CONVERSION = YES;
				CLANG_WARN_CXX0X_EXTENSIONS = YES;
				CLANG_WARN_DIRECT_OBJC_ISA_USAGE = YES_ERROR;
				CLANG_WARN_EMPTY_BODY = YES;
				CLANG_WARN_ENUM_CONVERSION = YES;
				CLANG_WARN_INT_CONVERSION = YES;
				CLANG_WARN_OBJC_ROOT_CLASS = YES_ERROR;
				CLANG_WARN_UNREACHABLE_CODE = YES;
				CLANG_WARN__DUPLICATE_METHOD_MATCH = YES;
				CLANG_WARN__EXIT_TIME_DESTRUCTORS = YES;
				COPY_PHASE_STRIP = NO;
				DEBUG_INFORMATION_FORMAT = "dwarf-with-dsym";
				ENABLE_NS_ASSERTIONS = NO;
				ENABLE_STRICT_OBJC_MSGSEND = YES;
				GCC_C_LANGUAGE_STANDARD = c11;
				GCC_WARN_64_TO_32_BIT_CONVERSION = YES;
				GCC_WARN_ABOUT_RETURN_TYPE = YES_ERROR;
				GCC_WARN_HIDDEN_VIRTUAL_FUNCTIONS = YES;
				GCC_WARN_NON_VIRTUAL_DESTRUCTOR = YES;
				GCC_WARN_UNDECLARED_SELECTOR = YES;
				GCC_WARN_UNINITIALIZED_AUTOS = YES_AGGRESSIVE;
				GCC_WARN_UNUSED_FUNCTION = YES;
				GCC_WARN_UNUSED_VARIABLE = YES;
				GENERATE_PROFILING_CODE = YES;
				MACOSX_DEPLOYMENT_TARGET = 10.10;
				MTL_ENABLE_DEBUG_INFO = NO;
				SDKROOT = macosx;
			};
			name = Release;
		};
		D4C351951AC4A864003ECB09 /* Debug */ = {
			isa = XCBuildConfiguration;
			buildSettings = {
				CLANG_ANALYZER_SECURITY_FLOATLOOPCOUNTER = YES;
				CLANG_ANALYZER_SECURITY_INSECUREAPI_RAND = YES;
				CLANG_ANALYZER_SECURITY_INSECUREAPI_STRCPY = YES;
				CLANG_CXX_LANGUAGE_STANDARD = "c++14";
				CLANG_WARN_DOCUMENTATION_COMMENTS = YES;
				CLANG_WARN_IMPLICIT_SIGN_CONVERSION = YES;
				CLANG_WARN_SUSPICIOUS_IMPLICIT_CONVERSION = YES;
				COMBINE_HIDPI_IMAGES = YES;
				CURRENT_PROJECT_VERSION = 0.001;
				DYLIB_COMPATIBILITY_VERSION = 1;
				DYLIB_CURRENT_VERSION = 1;
				EXECUTABLE_PREFIX = lib;
				GCC_C_LANGUAGE_STANDARD = c11;
				GCC_ENABLE_CPP_EXCEPTIONS = YES;
				GCC_ENABLE_CPP_RTTI = YES;
				GCC_INSTRUMENT_PROGRAM_FLOW_ARCS = YES;
				GCC_SYMBOLS_PRIVATE_EXTERN = YES;
				GCC_WARN_INITIALIZER_NOT_FULLY_BRACKETED = YES;
				GCC_WARN_SHADOW = YES;
				GCC_WARN_SIGN_COMPARE = YES;
				GCC_WARN_UNUSED_LABEL = YES;
				GCC_WARN_UNUSED_PARAMETER = YES;
				OTHER_CFLAGS = "-DUSE_COREFOUNDATION";
				PRODUCT_NAME = "$(TARGET_NAME)";
				RUN_CLANG_STATIC_ANALYZER = NO;
				VERSIONING_SYSTEM = "apple-generic";
			};
			name = Debug;
		};
		D4C351961AC4A864003ECB09 /* Release */ = {
			isa = XCBuildConfiguration;
			buildSettings = {
				CLANG_ANALYZER_SECURITY_FLOATLOOPCOUNTER = YES;
				CLANG_ANALYZER_SECURITY_INSECUREAPI_RAND = YES;
				CLANG_ANALYZER_SECURITY_INSECUREAPI_STRCPY = YES;
				CLANG_CXX_LANGUAGE_STANDARD = "c++14";
				CLANG_WARN_DOCUMENTATION_COMMENTS = YES;
				CLANG_WARN_IMPLICIT_SIGN_CONVERSION = YES;
				CLANG_WARN_SUSPICIOUS_IMPLICIT_CONVERSION = YES;
				COMBINE_HIDPI_IMAGES = YES;
				CURRENT_PROJECT_VERSION = 0.001;
				DYLIB_COMPATIBILITY_VERSION = 1;
				DYLIB_CURRENT_VERSION = 1;
				EXECUTABLE_PREFIX = lib;
				GCC_C_LANGUAGE_STANDARD = c11;
				GCC_ENABLE_CPP_EXCEPTIONS = YES;
				GCC_ENABLE_CPP_RTTI = YES;
				GCC_GENERATE_DEBUGGING_SYMBOLS = NO;
				GCC_INSTRUMENT_PROGRAM_FLOW_ARCS = YES;
				GCC_SYMBOLS_PRIVATE_EXTERN = YES;
				GCC_WARN_INITIALIZER_NOT_FULLY_BRACKETED = YES;
				GCC_WARN_SHADOW = YES;
				GCC_WARN_SIGN_COMPARE = YES;
				GCC_WARN_UNUSED_LABEL = YES;
				GCC_WARN_UNUSED_PARAMETER = YES;
				OTHER_CFLAGS = "-DUSE_COREFOUNDATION";
				PRODUCT_NAME = "$(TARGET_NAME)";
				RUN_CLANG_STATIC_ANALYZER = NO;
				VERSIONING_SYSTEM = "apple-generic";
			};
			name = Release;
		};
		D4FC9AAF1B0A494C00E6B56D /* Debug */ = {
			isa = XCBuildConfiguration;
			buildSettings = {
				CLANG_ENABLE_OBJC_ARC = YES;
				COMBINE_HIDPI_IMAGES = YES;
				DEBUG_INFORMATION_FORMAT = dwarf;
				FRAMEWORK_SEARCH_PATHS = (
					"$(DEVELOPER_FRAMEWORKS_DIR)",
					"$(inherited)",
					"$(LOCAL_LIBRARY_DIR)/Frameworks",
				);
				GCC_C_LANGUAGE_STANDARD = gnu99;
				GCC_NO_COMMON_BLOCKS = YES;
				GCC_PREPROCESSOR_DEFINITIONS = (
					"DEBUG=1",
					"$(inherited)",
				);
				INFOPLIST_FILE = "DCFoundation Tests/Info.plist";
				LD_RUNPATH_SEARCH_PATHS = "$(inherited) @executable_path/../Frameworks @loader_path/../Frameworks";
				PRODUCT_NAME = "$(TARGET_NAME)";
			};
			name = Debug;
		};
		D4FC9AB01B0A494C00E6B56D /* Release */ = {
			isa = XCBuildConfiguration;
			buildSettings = {
				CLANG_ENABLE_OBJC_ARC = YES;
				COMBINE_HIDPI_IMAGES = YES;
				FRAMEWORK_SEARCH_PATHS = (
					"$(DEVELOPER_FRAMEWORKS_DIR)",
					"$(inherited)",
					"$(LOCAL_LIBRARY_DIR)/Frameworks",
				);
				GCC_C_LANGUAGE_STANDARD = gnu99;
				GCC_NO_COMMON_BLOCKS = YES;
				INFOPLIST_FILE = "DCFoundation Tests/Info.plist";
				LD_RUNPATH_SEARCH_PATHS = "$(inherited) @executable_path/../Frameworks @loader_path/../Frameworks";
				PRODUCT_NAME = "$(TARGET_NAME)";
			};
			name = Release;
		};
/* End XCBuildConfiguration section */

/* Begin XCConfigurationList section */
		D4C351841AC4A863003ECB09 /* Build configuration list for PBXProject "DCFoundation" */ = {
			isa = XCConfigurationList;
			buildConfigurations = (
				D4C351921AC4A864003ECB09 /* Debug */,
				D4C351931AC4A864003ECB09 /* Release */,
			);
			defaultConfigurationIsVisible = 0;
			defaultConfigurationName = Release;
		};
		D4C351941AC4A864003ECB09 /* Build configuration list for PBXNativeTarget "DCFoundation" */ = {
			isa = XCConfigurationList;
			buildConfigurations = (
				D4C351951AC4A864003ECB09 /* Debug */,
				D4C351961AC4A864003ECB09 /* Release */,
			);
			defaultConfigurationIsVisible = 0;
			defaultConfigurationName = Release;
		};
		D4FC9AB11B0A494C00E6B56D /* Build configuration list for PBXNativeTarget "DCFoundation Tests" */ = {
			isa = XCConfigurationList;
			buildConfigurations = (
				D4FC9AAF1B0A494C00E6B56D /* Debug */,
				D4FC9AB01B0A494C00E6B56D /* Release */,
			);
			defaultConfigurationIsVisible = 0;
			defaultConfigurationName = Release;
		};
/* End XCConfigurationList section */
	};
	rootObject = D4C351811AC4A863003ECB09 /* Project object */;
}
