// !$*UTF8*$!
{
	archiveVersion = 1;
	classes = {
	};
	objectVersion = 46;
	objects = {

/* Begin PBXBuildFile section */
		6ABC86961AD81AF3001D81AB /* (null) in Headers */ = {isa = PBXBuildFile; };
		6ABC869A1AD81B9E001D81AB /* (null) in Headers */ = {isa = PBXBuildFile; };
		6ABC869E1AD81BC9001D81AB /* (null) in Headers */ = {isa = PBXBuildFile; };
		6ABC86A21AD81C7D001D81AB /* (null) in Headers */ = {isa = PBXBuildFile; };
		6ABC86A91AD81D33001D81AB /* (null) in Headers */ = {isa = PBXBuildFile; };
		6ABC86AD1AD81D4C001D81AB /* (null) in Headers */ = {isa = PBXBuildFile; };
		6ABC86B11AD81D97001D81AB /* (null) in Headers */ = {isa = PBXBuildFile; };
		6ABC86B51AD81DD5001D81AB /* (null) in Headers */ = {isa = PBXBuildFile; };
		D45EFEFA1AE04214007240DA /* libDCFoundation.dylib in Frameworks */ = {isa = PBXBuildFile; fileRef = D4C351891AC4A863003ECB09 /* libDCFoundation.dylib */; };
		D45EFF501AE061F9007240DA /* DCFBase.h in Headers */ = {isa = PBXBuildFile; fileRef = D45EFF391AE061F9007240DA /* DCFBase.h */; settings = {ATTRIBUTES = (Public, ); }; };
		D45EFF511AE061F9007240DA /* DCFDefines.cpp in Sources */ = {isa = PBXBuildFile; fileRef = D45EFF3A1AE061F9007240DA /* DCFDefines.cpp */; };
		D45EFF521AE061F9007240DA /* DCFDefines.h in Headers */ = {isa = PBXBuildFile; fileRef = D45EFF3B1AE061F9007240DA /* DCFDefines.h */; settings = {ATTRIBUTES = (Public, ); }; };
		D45EFF531AE061F9007240DA /* DCFMacros.h in Headers */ = {isa = PBXBuildFile; fileRef = D45EFF3C1AE061F9007240DA /* DCFMacros.h */; settings = {ATTRIBUTES = (Public, ); }; };
		D45EFF541AE061F9007240DA /* DCFObject.cpp in Sources */ = {isa = PBXBuildFile; fileRef = D45EFF3D1AE061F9007240DA /* DCFObject.cpp */; };
		D45EFF551AE061F9007240DA /* DCFObject.h in Headers */ = {isa = PBXBuildFile; fileRef = D45EFF3E1AE061F9007240DA /* DCFObject.h */; settings = {ATTRIBUTES = (Public, ); }; };
		D45EFF571AE061F9007240DA /* DCFRTTI.cpp in Sources */ = {isa = PBXBuildFile; fileRef = D45EFF401AE061F9007240DA /* DCFRTTI.cpp */; };
		D45EFF581AE061F9007240DA /* DCFRTTI.h in Headers */ = {isa = PBXBuildFile; fileRef = D45EFF411AE061F9007240DA /* DCFRTTI.h */; settings = {ATTRIBUTES = (Public, ); }; };
		D45EFF591AE061F9007240DA /* DCFSingleton.h in Headers */ = {isa = PBXBuildFile; fileRef = D45EFF431AE061F9007240DA /* DCFSingleton.h */; settings = {ATTRIBUTES = (Public, ); }; };
		D45EFF5A1AE061F9007240DA /* DCFoundation.h in Headers */ = {isa = PBXBuildFile; fileRef = D45EFF441AE061F9007240DA /* DCFoundation.h */; settings = {ATTRIBUTES = (Public, ); }; };
		D45EFF5B1AE061F9007240DA /* DCFoundationPriv.h in Headers */ = {isa = PBXBuildFile; fileRef = D45EFF451AE061F9007240DA /* DCFoundationPriv.h */; settings = {ATTRIBUTES = (Private, ); }; };
		D45EFF5C1AE061F9007240DA /* DCFDarwinPlatform.cpp in Sources */ = {isa = PBXBuildFile; fileRef = D45EFF471AE061F9007240DA /* DCFDarwinPlatform.cpp */; };
		D45EFF5D1AE061F9007240DA /* DCFDarwinPlatform.h in Headers */ = {isa = PBXBuildFile; fileRef = D45EFF481AE061F9007240DA /* DCFDarwinPlatform.h */; settings = {ATTRIBUTES = (Public, ); }; };
		D45EFF5F1AE061F9007240DA /* DCFLinuxPlatform.h in Headers */ = {isa = PBXBuildFile; fileRef = D45EFF4A1AE061F9007240DA /* DCFLinuxPlatform.h */; settings = {ATTRIBUTES = (Private, ); }; };
		D45EFF601AE061F9007240DA /* DCFPlatform.cpp in Sources */ = {isa = PBXBuildFile; fileRef = D45EFF4B1AE061F9007240DA /* DCFPlatform.cpp */; };
		D45EFF611AE061F9007240DA /* DCFPlatform.h in Headers */ = {isa = PBXBuildFile; fileRef = D45EFF4C1AE061F9007240DA /* DCFPlatform.h */; settings = {ATTRIBUTES = (Public, ); }; };
		D45EFF621AE061F9007240DA /* DCFSystem.h in Headers */ = {isa = PBXBuildFile; fileRef = D45EFF4D1AE061F9007240DA /* DCFSystem.h */; settings = {ATTRIBUTES = (Public, ); }; };
		D45EFF641AE061F9007240DA /* DCFWindowsPlatform.h in Headers */ = {isa = PBXBuildFile; fileRef = D45EFF4F1AE061F9007240DA /* DCFWindowsPlatform.h */; settings = {ATTRIBUTES = (Private, ); }; };
		D4617F071AE0681C009B092C /* DCFoundation.cpp in Sources */ = {isa = PBXBuildFile; fileRef = D45EFF3F1AE061F9007240DA /* DCFoundation.cpp */; };
		D4617F0E1AE06C56009B092C /* libc++.dylib in Frameworks */ = {isa = PBXBuildFile; fileRef = D4617F0D1AE06C56009B092C /* libc++.dylib */; };
/* End PBXBuildFile section */

/* Begin PBXContainerItemProxy section */
		D45EFEF71AE041F4007240DA /* PBXContainerItemProxy */ = {
			isa = PBXContainerItemProxy;
			containerPortal = D4C351811AC4A863003ECB09 /* Project object */;
			proxyType = 1;
			remoteGlobalIDString = D4C351881AC4A863003ECB09;
			remoteInfo = DCFoundation;
		};
/* End PBXContainerItemProxy section */

/* Begin PBXCopyFilesBuildPhase section */
		D45EFEEE1AE041EE007240DA /* CopyFiles */ = {
			isa = PBXCopyFilesBuildPhase;
			buildActionMask = 2147483647;
			dstPath = /usr/share/man/man1/;
			dstSubfolderSpec = 0;
			files = (
			);
			runOnlyForDeploymentPostprocessing = 1;
		};
		D49268581AC5BF2E00AD4F33 /* Copy Files */ = {
			isa = PBXCopyFilesBuildPhase;
			buildActionMask = 2147483647;
			dstPath = DCFoundation;
			dstSubfolderSpec = 16;
			files = (
			);
			name = "Copy Files";
			runOnlyForDeploymentPostprocessing = 0;
		};
/* End PBXCopyFilesBuildPhase section */

/* Begin PBXFileReference section */
		D45EFEF01AE041EE007240DA /* dcftest */ = {isa = PBXFileReference; explicitFileType = "compiled.mach-o.executable"; includeInIndex = 0; path = dcftest; sourceTree = BUILT_PRODUCTS_DIR; };
		D45EFF391AE061F9007240DA /* DCFBase.h */ = {isa = PBXFileReference; fileEncoding = 4; lastKnownFileType = sourcecode.c.h; path = DCFBase.h; sourceTree = "<group>"; };
		D45EFF3A1AE061F9007240DA /* DCFDefines.cpp */ = {isa = PBXFileReference; fileEncoding = 4; lastKnownFileType = sourcecode.cpp.cpp; path = DCFDefines.cpp; sourceTree = "<group>"; };
		D45EFF3B1AE061F9007240DA /* DCFDefines.h */ = {isa = PBXFileReference; fileEncoding = 4; lastKnownFileType = sourcecode.c.h; path = DCFDefines.h; sourceTree = "<group>"; };
		D45EFF3C1AE061F9007240DA /* DCFMacros.h */ = {isa = PBXFileReference; fileEncoding = 4; lastKnownFileType = sourcecode.c.h; path = DCFMacros.h; sourceTree = "<group>"; };
		D45EFF3D1AE061F9007240DA /* DCFObject.cpp */ = {isa = PBXFileReference; fileEncoding = 4; lastKnownFileType = sourcecode.cpp.cpp; path = DCFObject.cpp; sourceTree = "<group>"; };
		D45EFF3E1AE061F9007240DA /* DCFObject.h */ = {isa = PBXFileReference; fileEncoding = 4; lastKnownFileType = sourcecode.c.h; path = DCFObject.h; sourceTree = "<group>"; };
		D45EFF3F1AE061F9007240DA /* DCFoundation.cpp */ = {isa = PBXFileReference; fileEncoding = 4; lastKnownFileType = sourcecode.cpp.cpp; path = DCFoundation.cpp; sourceTree = "<group>"; };
		D45EFF401AE061F9007240DA /* DCFRTTI.cpp */ = {isa = PBXFileReference; fileEncoding = 4; lastKnownFileType = sourcecode.cpp.cpp; path = DCFRTTI.cpp; sourceTree = "<group>"; };
		D45EFF411AE061F9007240DA /* DCFRTTI.h */ = {isa = PBXFileReference; fileEncoding = 4; lastKnownFileType = sourcecode.c.h; path = DCFRTTI.h; sourceTree = "<group>"; };
		D45EFF431AE061F9007240DA /* DCFSingleton.h */ = {isa = PBXFileReference; fileEncoding = 4; lastKnownFileType = sourcecode.c.h; path = DCFSingleton.h; sourceTree = "<group>"; };
		D45EFF441AE061F9007240DA /* DCFoundation.h */ = {isa = PBXFileReference; fileEncoding = 4; lastKnownFileType = sourcecode.c.h; path = DCFoundation.h; sourceTree = "<group>"; };
		D45EFF451AE061F9007240DA /* DCFoundationPriv.h */ = {isa = PBXFileReference; fileEncoding = 4; lastKnownFileType = sourcecode.c.h; path = DCFoundationPriv.h; sourceTree = "<group>"; };
		D45EFF471AE061F9007240DA /* DCFDarwinPlatform.cpp */ = {isa = PBXFileReference; fileEncoding = 4; lastKnownFileType = sourcecode.cpp.cpp; path = DCFDarwinPlatform.cpp; sourceTree = "<group>"; };
		D45EFF481AE061F9007240DA /* DCFDarwinPlatform.h */ = {isa = PBXFileReference; fileEncoding = 4; lastKnownFileType = sourcecode.c.h; path = DCFDarwinPlatform.h; sourceTree = "<group>"; };
		D45EFF491AE061F9007240DA /* DCFLinuxPlatform.cpp */ = {isa = PBXFileReference; fileEncoding = 4; lastKnownFileType = sourcecode.cpp.cpp; path = DCFLinuxPlatform.cpp; sourceTree = "<group>"; };
		D45EFF4A1AE061F9007240DA /* DCFLinuxPlatform.h */ = {isa = PBXFileReference; fileEncoding = 4; lastKnownFileType = sourcecode.c.h; path = DCFLinuxPlatform.h; sourceTree = "<group>"; };
		D45EFF4B1AE061F9007240DA /* DCFPlatform.cpp */ = {isa = PBXFileReference; fileEncoding = 4; lastKnownFileType = sourcecode.cpp.cpp; path = DCFPlatform.cpp; sourceTree = "<group>"; };
		D45EFF4C1AE061F9007240DA /* DCFPlatform.h */ = {isa = PBXFileReference; fileEncoding = 4; lastKnownFileType = sourcecode.c.h; path = DCFPlatform.h; sourceTree = "<group>"; };
		D45EFF4D1AE061F9007240DA /* DCFSystem.h */ = {isa = PBXFileReference; fileEncoding = 4; lastKnownFileType = sourcecode.c.h; path = DCFSystem.h; sourceTree = "<group>"; };
		D45EFF4E1AE061F9007240DA /* DCFWindowsPlatform.cpp */ = {isa = PBXFileReference; fileEncoding = 4; lastKnownFileType = sourcecode.cpp.cpp; path = DCFWindowsPlatform.cpp; sourceTree = "<group>"; };
		D45EFF4F1AE061F9007240DA /* DCFWindowsPlatform.h */ = {isa = PBXFileReference; fileEncoding = 4; lastKnownFileType = sourcecode.c.h; path = DCFWindowsPlatform.h; sourceTree = "<group>"; };
		D4617F0D1AE06C56009B092C /* libc++.dylib */ = {isa = PBXFileReference; lastKnownFileType = "compiled.mach-o.dylib"; name = "libc++.dylib"; path = "usr/lib/libc++.dylib"; sourceTree = SDKROOT; };
		D4C351891AC4A863003ECB09 /* libDCFoundation.dylib */ = {isa = PBXFileReference; explicitFileType = "compiled.mach-o.dylib"; includeInIndex = 0; path = libDCFoundation.dylib; sourceTree = BUILT_PRODUCTS_DIR; };
/* End PBXFileReference section */

/* Begin PBXFrameworksBuildPhase section */
		D45EFEED1AE041EE007240DA /* Frameworks */ = {
			isa = PBXFrameworksBuildPhase;
			buildActionMask = 2147483647;
			files = (
				D45EFEFA1AE04214007240DA /* libDCFoundation.dylib in Frameworks */,
			);
			runOnlyForDeploymentPostprocessing = 0;
		};
		D4C351861AC4A863003ECB09 /* Frameworks */ = {
			isa = PBXFrameworksBuildPhase;
			buildActionMask = 2147483647;
			files = (
				D4617F0E1AE06C56009B092C /* libc++.dylib in Frameworks */,
			);
			runOnlyForDeploymentPostprocessing = 0;
		};
/* End PBXFrameworksBuildPhase section */

/* Begin PBXGroup section */
		D45EFF371AE061F9007240DA /* Source */ = {
			isa = PBXGroup;
			children = (
				D45EFF381AE061F9007240DA /* Base */,
				D45EFF441AE061F9007240DA /* DCFoundation.h */,
				D45EFF451AE061F9007240DA /* DCFoundationPriv.h */,
				D45EFF461AE061F9007240DA /* System */,
			);
			name = Source;
			path = DCFoundation/Source;
			sourceTree = "<group>";
		};
		D45EFF381AE061F9007240DA /* Base */ = {
			isa = PBXGroup;
			children = (
				D45EFF391AE061F9007240DA /* DCFBase.h */,
				D45EFF3A1AE061F9007240DA /* DCFDefines.cpp */,
				D45EFF3B1AE061F9007240DA /* DCFDefines.h */,
				D45EFF3C1AE061F9007240DA /* DCFMacros.h */,
				D45EFF3F1AE061F9007240DA /* DCFoundation.cpp */,
				D45EFF3E1AE061F9007240DA /* DCFObject.h */,
				D45EFF3D1AE061F9007240DA /* DCFObject.cpp */,
				D45EFF401AE061F9007240DA /* DCFRTTI.cpp */,
				D45EFF411AE061F9007240DA /* DCFRTTI.h */,
				D45EFF421AE061F9007240DA /* Patterns */,
			);
			path = Base;
			sourceTree = "<group>";
		};
		D45EFF421AE061F9007240DA /* Patterns */ = {
			isa = PBXGroup;
			children = (
				D45EFF431AE061F9007240DA /* DCFSingleton.h */,
			);
			path = Patterns;
			sourceTree = "<group>";
		};
		D45EFF461AE061F9007240DA /* System */ = {
			isa = PBXGroup;
			children = (
				D45EFF471AE061F9007240DA /* DCFDarwinPlatform.cpp */,
				D45EFF481AE061F9007240DA /* DCFDarwinPlatform.h */,
				D45EFF491AE061F9007240DA /* DCFLinuxPlatform.cpp */,
				D45EFF4A1AE061F9007240DA /* DCFLinuxPlatform.h */,
				D45EFF4B1AE061F9007240DA /* DCFPlatform.cpp */,
				D45EFF4C1AE061F9007240DA /* DCFPlatform.h */,
				D45EFF4D1AE061F9007240DA /* DCFSystem.h */,
				D45EFF4E1AE061F9007240DA /* DCFWindowsPlatform.cpp */,
				D45EFF4F1AE061F9007240DA /* DCFWindowsPlatform.h */,
			);
			path = System;
			sourceTree = "<group>";
		};
		D4C351801AC4A863003ECB09 = {
			isa = PBXGroup;
			children = (
				D4617F0D1AE06C56009B092C /* libc++.dylib */,
				D45EFF371AE061F9007240DA /* Source */,
				D4C3518A1AC4A863003ECB09 /* Products */,
			);
			sourceTree = "<group>";
		};
		D4C3518A1AC4A863003ECB09 /* Products */ = {
			isa = PBXGroup;
			children = (
				D4C351891AC4A863003ECB09 /* libDCFoundation.dylib */,
				D45EFEF01AE041EE007240DA /* dcftest */,
			);
			name = Products;
			sourceTree = "<group>";
		};
/* End PBXGroup section */

/* Begin PBXHeadersBuildPhase section */
		D4C351871AC4A863003ECB09 /* Headers */ = {
			isa = PBXHeadersBuildPhase;
			buildActionMask = 2147483647;
			files = (
				D45EFF5D1AE061F9007240DA /* DCFDarwinPlatform.h in Headers */,
				6ABC86AD1AD81D4C001D81AB /* (null) in Headers */,
				D45EFF581AE061F9007240DA /* DCFRTTI.h in Headers */,
				6ABC869E1AD81BC9001D81AB /* (null) in Headers */,
				D45EFF5A1AE061F9007240DA /* DCFoundation.h in Headers */,
				6ABC86A91AD81D33001D81AB /* (null) in Headers */,
				D45EFF521AE061F9007240DA /* DCFDefines.h in Headers */,
				D45EFF501AE061F9007240DA /* DCFBase.h in Headers */,
				D45EFF5B1AE061F9007240DA /* DCFoundationPriv.h in Headers */,
				D45EFF591AE061F9007240DA /* DCFSingleton.h in Headers */,
				6ABC86B11AD81D97001D81AB /* (null) in Headers */,
				6ABC86961AD81AF3001D81AB /* (null) in Headers */,
				D45EFF5F1AE061F9007240DA /* DCFLinuxPlatform.h in Headers */,
				D45EFF641AE061F9007240DA /* DCFWindowsPlatform.h in Headers */,
				D45EFF531AE061F9007240DA /* DCFMacros.h in Headers */,
				6ABC86B51AD81DD5001D81AB /* (null) in Headers */,
				D45EFF621AE061F9007240DA /* DCFSystem.h in Headers */,
				D45EFF551AE061F9007240DA /* DCFObject.h in Headers */,
				D45EFF611AE061F9007240DA /* DCFPlatform.h in Headers */,
				6ABC869A1AD81B9E001D81AB /* (null) in Headers */,
				6ABC86A21AD81C7D001D81AB /* (null) in Headers */,
			);
			runOnlyForDeploymentPostprocessing = 0;
		};
/* End PBXHeadersBuildPhase section */

/* Begin PBXNativeTarget section */
		D45EFEEF1AE041EE007240DA /* dcftest */ = {
			isa = PBXNativeTarget;
			buildConfigurationList = D45EFEF41AE041EE007240DA /* Build configuration list for PBXNativeTarget "dcftest" */;
			buildPhases = (
				D45EFEEC1AE041EE007240DA /* Sources */,
				D45EFEED1AE041EE007240DA /* Frameworks */,
				D45EFEEE1AE041EE007240DA /* CopyFiles */,
			);
			buildRules = (
			);
			dependencies = (
				D45EFEF81AE041F4007240DA /* PBXTargetDependency */,
			);
			name = dcftest;
			productName = dcftest;
			productReference = D45EFEF01AE041EE007240DA /* dcftest */;
			productType = "com.apple.product-type.tool";
		};
		D4C351881AC4A863003ECB09 /* DCFoundation */ = {
			isa = PBXNativeTarget;
			buildConfigurationList = D4C351941AC4A864003ECB09 /* Build configuration list for PBXNativeTarget "DCFoundation" */;
			buildPhases = (
				D49268581AC5BF2E00AD4F33 /* Copy Files */,
				D4C351851AC4A863003ECB09 /* Sources */,
				D4C351861AC4A863003ECB09 /* Frameworks */,
				D4C351871AC4A863003ECB09 /* Headers */,
			);
			buildRules = (
			);
			dependencies = (
			);
			name = DCFoundation;
			productName = DCFoundation;
			productReference = D4C351891AC4A863003ECB09 /* libDCFoundation.dylib */;
			productType = "com.apple.product-type.library.dynamic";
		};
/* End PBXNativeTarget section */

/* Begin PBXProject section */
		D4C351811AC4A863003ECB09 /* Project object */ = {
			isa = PBXProject;
			attributes = {
				CLASSPREFIX = DCF;
				LastUpgradeCheck = 0630;
				ORGANIZATIONNAME = "Rob Dotson, Design Complex";
				TargetAttributes = {
					D45EFEEF1AE041EE007240DA = {
						CreatedOnToolsVersion = 6.3;
					};
					D4C351881AC4A863003ECB09 = {
						CreatedOnToolsVersion = 6.2;
					};
				};
			};
			buildConfigurationList = D4C351841AC4A863003ECB09 /* Build configuration list for PBXProject "DCFoundation" */;
			compatibilityVersion = "Xcode 3.2";
			developmentRegion = English;
			hasScannedForEncodings = 0;
			knownRegions = (
				en,
			);
			mainGroup = D4C351801AC4A863003ECB09;
			productRefGroup = D4C3518A1AC4A863003ECB09 /* Products */;
			projectDirPath = "";
			projectRoot = "";
			targets = (
				D4C351881AC4A863003ECB09 /* DCFoundation */,
				D45EFEEF1AE041EE007240DA /* dcftest */,
			);
		};
/* End PBXProject section */

/* Begin PBXSourcesBuildPhase section */
		D45EFEEC1AE041EE007240DA /* Sources */ = {
			isa = PBXSourcesBuildPhase;
			buildActionMask = 2147483647;
			files = (
				D4617F071AE0681C009B092C /* DCFoundation.cpp in Sources */,
			);
			runOnlyForDeploymentPostprocessing = 0;
		};
		D4C351851AC4A863003ECB09 /* Sources */ = {
			isa = PBXSourcesBuildPhase;
			buildActionMask = 2147483647;
			files = (
				D45EFF601AE061F9007240DA /* DCFPlatform.cpp in Sources */,
				D45EFF5C1AE061F9007240DA /* DCFDarwinPlatform.cpp in Sources */,
				D45EFF571AE061F9007240DA /* DCFRTTI.cpp in Sources */,
				D45EFF541AE061F9007240DA /* DCFObject.cpp in Sources */,
				D45EFF511AE061F9007240DA /* DCFDefines.cpp in Sources */,
			);
			runOnlyForDeploymentPostprocessing = 0;
		};
/* End PBXSourcesBuildPhase section */

/* Begin PBXTargetDependency section */
		D45EFEF81AE041F4007240DA /* PBXTargetDependency */ = {
			isa = PBXTargetDependency;
			target = D4C351881AC4A863003ECB09 /* DCFoundation */;
			targetProxy = D45EFEF71AE041F4007240DA /* PBXContainerItemProxy */;
		};
/* End PBXTargetDependency section */

/* Begin XCBuildConfiguration section */
		D45EFEF51AE041EE007240DA /* Debug */ = {
			isa = XCBuildConfiguration;
			buildSettings = {
				DEBUG_INFORMATION_FORMAT = dwarf;
				GCC_NO_COMMON_BLOCKS = YES;
				GCC_PREPROCESSOR_DEFINITIONS = (
					"DEBUG=1",
					"$(inherited)",
				);
				PRODUCT_NAME = "$(TARGET_NAME)";
			};
			name = Debug;
		};
		D45EFEF61AE041EE007240DA /* Release */ = {
			isa = XCBuildConfiguration;
			buildSettings = {
				GCC_NO_COMMON_BLOCKS = YES;
				PRODUCT_NAME = "$(TARGET_NAME)";
			};
			name = Release;
		};
		D4C351921AC4A864003ECB09 /* Debug */ = {
			isa = XCBuildConfiguration;
			buildSettings = {
				ALWAYS_SEARCH_USER_PATHS = NO;
				CLANG_CXX_LANGUAGE_STANDARD = "gnu++0x";
				CLANG_CXX_LIBRARY = "libc++";
				CLANG_ENABLE_MODULES = YES;
				CLANG_ENABLE_OBJC_ARC = YES;
				CLANG_WARN_BOOL_CONVERSION = YES;
				CLANG_WARN_CONSTANT_CONVERSION = YES;
				CLANG_WARN_CXX0X_EXTENSIONS = YES;
				CLANG_WARN_DIRECT_OBJC_ISA_USAGE = YES_ERROR;
				CLANG_WARN_EMPTY_BODY = YES;
				CLANG_WARN_ENUM_CONVERSION = YES;
				CLANG_WARN_INT_CONVERSION = YES;
				CLANG_WARN_OBJC_ROOT_CLASS = YES_ERROR;
				CLANG_WARN_UNREACHABLE_CODE = YES;
				CLANG_WARN__DUPLICATE_METHOD_MATCH = YES;
				CLANG_WARN__EXIT_TIME_DESTRUCTORS = YES;
				COPY_PHASE_STRIP = NO;
				ENABLE_STRICT_OBJC_MSGSEND = YES;
				GCC_C_LANGUAGE_STANDARD = c11;
				GCC_DYNAMIC_NO_PIC = NO;
				GCC_OPTIMIZATION_LEVEL = 0;
				GCC_PREPROCESSOR_DEFINITIONS = (
					"DEBUG=1",
					"$(inherited)",
				);
				GCC_SYMBOLS_PRIVATE_EXTERN = NO;
				GCC_WARN_64_TO_32_BIT_CONVERSION = YES;
				GCC_WARN_ABOUT_RETURN_TYPE = YES_ERROR;
				GCC_WARN_HIDDEN_VIRTUAL_FUNCTIONS = YES;
				GCC_WARN_NON_VIRTUAL_DESTRUCTOR = YES;
				GCC_WARN_UNDECLARED_SELECTOR = YES;
				GCC_WARN_UNINITIALIZED_AUTOS = YES_AGGRESSIVE;
				GCC_WARN_UNUSED_FUNCTION = YES;
				GCC_WARN_UNUSED_VARIABLE = YES;
				GENERATE_PROFILING_CODE = YES;
				MACOSX_DEPLOYMENT_TARGET = 10.10;
				MTL_ENABLE_DEBUG_INFO = YES;
				ONLY_ACTIVE_ARCH = YES;
				SDKROOT = macosx;
			};
			name = Debug;
		};
		D4C351931AC4A864003ECB09 /* Release */ = {
			isa = XCBuildConfiguration;
			buildSettings = {
				ALWAYS_SEARCH_USER_PATHS = NO;
				CLANG_CXX_LANGUAGE_STANDARD = "gnu++0x";
				CLANG_CXX_LIBRARY = "libc++";
				CLANG_ENABLE_MODULES = YES;
				CLANG_ENABLE_OBJC_ARC = YES;
				CLANG_WARN_BOOL_CONVERSION = YES;
				CLANG_WARN_CONSTANT_CONVERSION = YES;
				CLANG_WARN_CXX0X_EXTENSIONS = YES;
				CLANG_WARN_DIRECT_OBJC_ISA_USAGE = YES_ERROR;
				CLANG_WARN_EMPTY_BODY = YES;
				CLANG_WARN_ENUM_CONVERSION = YES;
				CLANG_WARN_INT_CONVERSION = YES;
				CLANG_WARN_OBJC_ROOT_CLASS = YES_ERROR;
				CLANG_WARN_UNREACHABLE_CODE = YES;
				CLANG_WARN__DUPLICATE_METHOD_MATCH = YES;
				CLANG_WARN__EXIT_TIME_DESTRUCTORS = YES;
				COPY_PHASE_STRIP = NO;
				DEBUG_INFORMATION_FORMAT = "dwarf-with-dsym";
				ENABLE_NS_ASSERTIONS = NO;
				ENABLE_STRICT_OBJC_MSGSEND = YES;
				GCC_C_LANGUAGE_STANDARD = c11;
				GCC_WARN_64_TO_32_BIT_CONVERSION = YES;
				GCC_WARN_ABOUT_RETURN_TYPE = YES_ERROR;
				GCC_WARN_HIDDEN_VIRTUAL_FUNCTIONS = YES;
				GCC_WARN_NON_VIRTUAL_DESTRUCTOR = YES;
				GCC_WARN_UNDECLARED_SELECTOR = YES;
				GCC_WARN_UNINITIALIZED_AUTOS = YES_AGGRESSIVE;
				GCC_WARN_UNUSED_FUNCTION = YES;
				GCC_WARN_UNUSED_VARIABLE = YES;
				GENERATE_PROFILING_CODE = YES;
				MACOSX_DEPLOYMENT_TARGET = 10.10;
				MTL_ENABLE_DEBUG_INFO = NO;
				SDKROOT = macosx;
			};
			name = Release;
		};
		D4C351951AC4A864003ECB09 /* Debug */ = {
			isa = XCBuildConfiguration;
			buildSettings = {
				CLANG_ANALYZER_SECURITY_FLOATLOOPCOUNTER = YES;
				CLANG_ANALYZER_SECURITY_INSECUREAPI_RAND = YES;
				CLANG_ANALYZER_SECURITY_INSECUREAPI_STRCPY = YES;
				CLANG_CXX_LANGUAGE_STANDARD = "c++14";
				CLANG_WARN_DOCUMENTATION_COMMENTS = YES;
				CLANG_WARN_IMPLICIT_SIGN_CONVERSION = YES;
				CLANG_WARN_SUSPICIOUS_IMPLICIT_CONVERSION = YES;
				COMBINE_HIDPI_IMAGES = YES;
				CURRENT_PROJECT_VERSION = 0.001;
				DYLIB_COMPATIBILITY_VERSION = 1;
				DYLIB_CURRENT_VERSION = 1;
				EXECUTABLE_PREFIX = lib;
				GCC_C_LANGUAGE_STANDARD = c11;
				GCC_ENABLE_CPP_EXCEPTIONS = YES;
				GCC_ENABLE_CPP_RTTI = YES;
				GCC_INSTRUMENT_PROGRAM_FLOW_ARCS = YES;
				GCC_SYMBOLS_PRIVATE_EXTERN = YES;
				GCC_WARN_INITIALIZER_NOT_FULLY_BRACKETED = YES;
				GCC_WARN_SHADOW = YES;
				GCC_WARN_SIGN_COMPARE = YES;
				GCC_WARN_UNUSED_LABEL = YES;
				GCC_WARN_UNUSED_PARAMETER = YES;
				PRODUCT_NAME = "$(TARGET_NAME)";
				RUN_CLANG_STATIC_ANALYZER = NO;
				VERSIONING_SYSTEM = "apple-generic";
			};
			name = Debug;
		};
		D4C351961AC4A864003ECB09 /* Release */ = {
			isa = XCBuildConfiguration;
			buildSettings = {
				CLANG_ANALYZER_SECURITY_FLOATLOOPCOUNTER = YES;
				CLANG_ANALYZER_SECURITY_INSECUREAPI_RAND = YES;
				CLANG_ANALYZER_SECURITY_INSECUREAPI_STRCPY = YES;
				CLANG_CXX_LANGUAGE_STANDARD = "c++14";
				CLANG_WARN_DOCUMENTATION_COMMENTS = YES;
				CLANG_WARN_IMPLICIT_SIGN_CONVERSION = YES;
				CLANG_WARN_SUSPICIOUS_IMPLICIT_CONVERSION = YES;
				COMBINE_HIDPI_IMAGES = YES;
				CURRENT_PROJECT_VERSION = 0.001;
				DYLIB_COMPATIBILITY_VERSION = 1;
				DYLIB_CURRENT_VERSION = 1;
				EXECUTABLE_PREFIX = lib;
				GCC_C_LANGUAGE_STANDARD = c11;
				GCC_ENABLE_CPP_EXCEPTIONS = YES;
				GCC_ENABLE_CPP_RTTI = YES;
				GCC_GENERATE_DEBUGGING_SYMBOLS = NO;
				GCC_INSTRUMENT_PROGRAM_FLOW_ARCS = YES;
				GCC_SYMBOLS_PRIVATE_EXTERN = YES;
				GCC_WARN_INITIALIZER_NOT_FULLY_BRACKETED = YES;
				GCC_WARN_SHADOW = YES;
				GCC_WARN_SIGN_COMPARE = YES;
				GCC_WARN_UNUSED_LABEL = YES;
				GCC_WARN_UNUSED_PARAMETER = YES;
				PRODUCT_NAME = "$(TARGET_NAME)";
				RUN_CLANG_STATIC_ANALYZER = NO;
				VERSIONING_SYSTEM = "apple-generic";
			};
			name = Release;
		};
/* End XCBuildConfiguration section */

/* Begin XCConfigurationList section */
		D45EFEF41AE041EE007240DA /* Build configuration list for PBXNativeTarget "dcftest" */ = {
			isa = XCConfigurationList;
			buildConfigurations = (
				D45EFEF51AE041EE007240DA /* Debug */,
				D45EFEF61AE041EE007240DA /* Release */,
			);
			defaultConfigurationIsVisible = 0;
			defaultConfigurationName = Release;
		};
		D4C351841AC4A863003ECB09 /* Build configuration list for PBXProject "DCFoundation" */ = {
			isa = XCConfigurationList;
			buildConfigurations = (
				D4C351921AC4A864003ECB09 /* Debug */,
				D4C351931AC4A864003ECB09 /* Release */,
			);
			defaultConfigurationIsVisible = 0;
			defaultConfigurationName = Release;
		};
		D4C351941AC4A864003ECB09 /* Build configuration list for PBXNativeTarget "DCFoundation" */ = {
			isa = XCConfigurationList;
			buildConfigurations = (
				D4C351951AC4A864003ECB09 /* Debug */,
				D4C351961AC4A864003ECB09 /* Release */,
			);
			defaultConfigurationIsVisible = 0;
			defaultConfigurationName = Release;
		};
/* End XCConfigurationList section */
	};
	rootObject = D4C351811AC4A863003ECB09 /* Project object */;
}
